<Solution>
  <Folder Name="/shared/">
    <Project Path="../../src/OptilandWorkbench.Core/OptilandWorkbench.Core.csproj" />
    <Project Path="../../src/OptilandWorkbench.Application/OptilandWorkbench.Application.csproj" />
  </Folder>
  <Project Path="src/OptilandWorkbench.CoatingDesign.Engine/OptilandWorkbench.CoatingDesign.Engine.csproj" />
  <Project Path="src/OptilandWorkbench.CoatingDesign.App/OptilandWorkbench.CoatingDesign.App.csproj" />
  <Project Path="tests/OptilandWorkbench.CoatingDesign.Tests/OptilandWorkbench.CoatingDesign.Tests.csproj" />
</Solution>
