<Solution>
  <Folder Name="/src/">
    <Project Path="../../src/OptilandWorkbench.Core/OptilandWorkbench.Core.csproj" />
    <Project Path="src/OptilandWorkbench.InitialStructure.Contracts/OptilandWorkbench.InitialStructure.Contracts.csproj" />
    <Project Path="src/OptilandWorkbench.InitialStructure.Engine/OptilandWorkbench.InitialStructure.Engine.csproj" />
    <Project Path="src/OptilandWorkbench.InitialStructure.Persistence/OptilandWorkbench.InitialStructure.Persistence.csproj" />
    <Project Path="src/OptilandWorkbench.InitialStructure.App/OptilandWorkbench.InitialStructure.App.csproj" />
  </Folder>
  <Folder Name="/tests/">
    <Project Path="tests/OptilandWorkbench.InitialStructure.Tests/OptilandWorkbench.InitialStructure.Tests.csproj" />
  </Folder>
</Solution>
